{
  "version": 4,
  "terraform_version": "1.12.2",
  "serial": 10,
  "lineage": "e098ebd7-51f1-9ddb-9554-aa9e7a7faa27",
  "outputs": {},
  "resources": [
    {
      "mode": "managed",
      "type": "aws_key_pair",
      "name": "deployer",
      "provider": "provider[\"registry.terraform.io/hashicorp/aws\"]",
      "instances": [
        {
          "schema_version": 1,
          "attributes": {
            "arn": "arn:aws:ec2:eu-north-1:607570805363:key-pair/kafka-key",
            "fingerprint": "35:2d:47:54:4c:56:b7:aa:5f:c6:74:5c:a1:84:b4:03",
            "id": "kafka-key",
            "key_name": "kafka-key",
            "key_name_prefix": "",
            "key_pair_id": "key-064f1cc1ac645234d",
            "key_type": "rsa",
            "public_key": "ssh-rsa AAAAB3NzaC1yc2EAAAADAQABAAABAQCk6ddpNR2PICnkFPUR9A44pIqe6Jrcro9yCwHf3iRLU9TJ88h6L1AywphvRaeVZ5MzBKHfsOzSrzRZg0TZXOkrKFFHeWeYB+iyewN8qjqPdjugIzQDNFUvyWFVQHhHycldTugZ4gaNvgLgOKoRrbDJnWfT4Ph8Y+UsiNWN2QTNcaeiITKRMIhJ68U+jDcQfsXg1/FFzym5/qRcMEdIa9T/tBl1B4OXBhu94CFt0azZjFf30tEAwcBbqqxEcy8FSsQNqfJz9GsAHq2cYXgiLJHsBXg1KKNlUR4um+esEIwzcesS2HI8T8ncNDe5yGkB7xl4gX4TLHbn3/jbCMwJJciR ubuntu@ip-172-31-16-217",
            "tags": {},
            "tags_all": {}
          },
          "sensitive_attributes": [],
          "identity_schema_version": 0,
          "private": "eyJzY2hlbWFfdmVyc2lvbiI6IjEifQ=="
        }
      ]
    },
    {
      "mode": "managed",
      "type": "aws_security_group",
      "name": "kafka_sg",
      "provider": "provider[\"registry.terraform.io/hashicorp/aws\"]",
      "instances": [
        {
          "schema_version": 1,
          "attributes": {
            "arn": "arn:aws:ec2:eu-north-1:607570805363:security-group/sg-0b03835a38b4253c4",
            "description": "Managed by Terraform",
            "egress": [
              {
                "cidr_blocks": [
                  "0.0.0.0/0"
                ],
                "description": "",
                "from_port": 0,
                "ipv6_cidr_blocks": [],
                "prefix_list_ids": [],
                "protocol": "-1",
                "security_groups": [],
                "self": false,
                "to_port": 0
              }
            ],
            "id": "sg-0b03835a38b4253c4",
            "ingress": [
              {
                "cidr_blocks": [
                  "0.0.0.0/0"
                ],
                "description": "",
                "from_port": 2181,
                "ipv6_cidr_blocks": [],
                "prefix_list_ids": [],
                "protocol": "tcp",
                "security_groups": [],
                "self": false,
                "to_port": 2181
              },
              {
                "cidr_blocks": [
                  "0.0.0.0/0"
                ],
                "description": "",
                "from_port": 22,
                "ipv6_cidr_blocks": [],
                "prefix_list_ids": [],
                "protocol": "tcp",
                "security_groups": [],
                "self": false,
                "to_port": 22
              },
              {
                "cidr_blocks": [
                  "0.0.0.0/0"
                ],
                "description": "",
                "from_port": 9092,
                "ipv6_cidr_blocks": [],
                "prefix_list_ids": [],
                "protocol": "tcp",
                "security_groups": [],
                "self": false,
                "to_port": 9092
              }
            ],
            "name": "kafka-sg20250616210944735700000001",
            "name_prefix": "kafka-sg",
            "owner_id": "607570805363",
            "revoke_rules_on_delete": false,
            "tags": {},
            "tags_all": {},
            "timeouts": null,
            "vpc_id": "vpc-087d16e1887228725"
          },
          "sensitive_attributes": [],
          "identity_schema_version": 0,
          "private": "eyJlMmJmYjczMC1lY2FhLTExZTYtOGY4OC0zNDM2M2JjN2M0YzAiOnsiY3JlYXRlIjo2MDAwMDAwMDAwMDAsImRlbGV0ZSI6OTAwMDAwMDAwMDAwfSwic2NoZW1hX3ZlcnNpb24iOiIxIn0="
        }
      ]
    }
  ],
  "check_results": null
}
